// !$*UTF8*$!
{
	archiveVersion = 1;
	classes = {
	};
	objectVersion = 55;
	objects = {

/* Begin PBXBuildFile section */
		080656E8283B945100C09409 /* ClockSectionsList.swift in Sources */ = {isa = PBXBuildFile; fileRef = 080656E7283B945100C09409 /* ClockSectionsList.swift */; };
		080656EA283B946000C09409 /* ClockSection.swift in Sources */ = {isa = PBXBuildFile; fileRef = 080656E9283B946000C09409 /* ClockSection.swift */; };
		080656EC283B94C700C09409 /* ClockStitchDescriptionsContainerTests.swift in Sources */ = {isa = PBXBuildFile; fileRef = 080656EB283B94C700C09409 /* ClockStitchDescriptionsContainerTests.swift */; };
		080656EE283B94DF00C09409 /* ClockSectionDescriptionTests.swift in Sources */ = {isa = PBXBuildFile; fileRef = 080656ED283B94DF00C09409 /* ClockSectionDescriptionTests.swift */; };
		080656F0283BB88200C09409 /* ClockTimeDescriptionTests.swift in Sources */ = {isa = PBXBuildFile; fileRef = 080656EF283BB88200C09409 /* ClockTimeDescriptionTests.swift */; };
		080656F2283BB92200C09409 /* ClockTimeDescription.swift in Sources */ = {isa = PBXBuildFile; fileRef = 080656F1283BB92200C09409 /* ClockTimeDescription.swift */; };
		080A15ED27A06003001BAFEB /* ExtensionEntry.swift in Sources */ = {isa = PBXBuildFile; fileRef = 080A15EC27A06003001BAFEB /* ExtensionEntry.swift */; };
		080F0FDE27FC83E2006BFCE8 /* EntryDetailsService.swift in Sources */ = {isa = PBXBuildFile; fileRef = 080F0FDD27FC83E2006BFCE8 /* EntryDetailsService.swift */; };
		08286B03284170A900FBC022 /* ClockFace.swift in Sources */ = {isa = PBXBuildFile; fileRef = 08286B02284170A900FBC022 /* ClockFace.swift */; };
		08293CC127B670FC0039E432 /* DayOfTheWeekCell.swift in Sources */ = {isa = PBXBuildFile; fileRef = 08293CC027B670FC0039E432 /* DayOfTheWeekCell.swift */; };
		0830DA3427C3A6DA00479014 /* SettingsController.swift in Sources */ = {isa = PBXBuildFile; fileRef = 0830DA3327C3A6DA00479014 /* SettingsController.swift */; };
		0830DA3627C3A6E000479014 /* SettingsView.swift in Sources */ = {isa = PBXBuildFile; fileRef = 0830DA3527C3A6E000479014 /* SettingsView.swift */; };
		083A416027BE603800AF2098 /* ExtensionDate.swift in Sources */ = {isa = PBXBuildFile; fileRef = 083A415F27BE603800AF2098 /* ExtensionDate.swift */; };
		083D3895279AE81100134A15 /* EntriesList.xcdatamodeld in Sources */ = {isa = PBXBuildFile; fileRef = 083D3893279AE81100134A15 /* EntriesList.xcdatamodeld */; };
		083D3897279B0A7100134A15 /* ExtensionUIDevice.swift in Sources */ = {isa = PBXBuildFile; fileRef = 083D3896279B0A7100134A15 /* ExtensionUIDevice.swift */; };
		0848C947281161F9003ED51D /* ReminderInput.swift in Sources */ = {isa = PBXBuildFile; fileRef = 0848C946281161F9003ED51D /* ReminderInput.swift */; };
		0848C949281162DD003ED51D /* UITextFieldWithPadding.swift in Sources */ = {isa = PBXBuildFile; fileRef = 0848C948281162DD003ED51D /* UITextFieldWithPadding.swift */; };
		0848C94B281163C9003ED51D /* SettingsRowView.swift in Sources */ = {isa = PBXBuildFile; fileRef = 0848C94A281163C9003ED51D /* SettingsRowView.swift */; };
		0852C69E283D39CA0027EF3E /* ClockController.swift in Sources */ = {isa = PBXBuildFile; fileRef = 0852C69D283D39CA0027EF3E /* ClockController.swift */; };
		0852C6A0283D39F80027EF3E /* ClockView.swift in Sources */ = {isa = PBXBuildFile; fileRef = 0852C69F283D39F80027EF3E /* ClockView.swift */; };
		0852C6A2283D570E0027EF3E /* PointsListController.swift in Sources */ = {isa = PBXBuildFile; fileRef = 0852C6A1283D570E0027EF3E /* PointsListController.swift */; };
		0852C6A4283D57230027EF3E /* PointsListView.swift in Sources */ = {isa = PBXBuildFile; fileRef = 0852C6A3283D57230027EF3E /* PointsListView.swift */; };
		0852C6A8283D5DB60027EF3E /* BeltController.swift in Sources */ = {isa = PBXBuildFile; fileRef = 0852C6A7283D5DB60027EF3E /* BeltController.swift */; };
		0852C6AA283D5DC00027EF3E /* BeltView.swift in Sources */ = {isa = PBXBuildFile; fileRef = 0852C6A9283D5DC00027EF3E /* BeltView.swift */; };
		0852C6AD283D66170027EF3E /* WeekController.swift in Sources */ = {isa = PBXBuildFile; fileRef = 0852C6AC283D66170027EF3E /* WeekController.swift */; };
		0852C6AF283D66380027EF3E /* WeekView.swift in Sources */ = {isa = PBXBuildFile; fileRef = 0852C6AE283D66380027EF3E /* WeekView.swift */; };
		0852C6B1283D7B430027EF3E /* ClockPainter.swift in Sources */ = {isa = PBXBuildFile; fileRef = 0852C6B0283D7B430027EF3E /* ClockPainter.swift */; };
		0857A7AA28225B50006CCC99 /* PointsListService.swift in Sources */ = {isa = PBXBuildFile; fileRef = 0857A7A928225B50006CCC99 /* PointsListService.swift */; };
		0857A7AC28225B8F006CCC99 /* PointsListServiceTests.swift in Sources */ = {isa = PBXBuildFile; fileRef = 0857A7AB28225B8F006CCC99 /* PointsListServiceTests.swift */; };
		0857A7AE28226C39006CCC99 /* EntryWeekDistributionServiceTests.swift in Sources */ = {isa = PBXBuildFile; fileRef = 0857A7AD28226C39006CCC99 /* EntryWeekDistributionServiceTests.swift */; };
		0857A7B02822720E006CCC99 /* WeekService.swift in Sources */ = {isa = PBXBuildFile; fileRef = 0857A7AF2822720E006CCC99 /* WeekService.swift */; };
		085D38DE27FEF45700A18912 /* Animator.swift in Sources */ = {isa = PBXBuildFile; fileRef = 085D38DD27FEF45600A18912 /* Animator.swift */; };
		086055F92795EC0600DDDD02 /* ExtensionComparable.swift in Sources */ = {isa = PBXBuildFile; fileRef = 086055F82795EC0600DDDD02 /* ExtensionComparable.swift */; };
		0868209527BFAD7F00551F6A /* ViewScroll.swift in Sources */ = {isa = PBXBuildFile; fileRef = 0868209427BFAD7F00551F6A /* ViewScroll.swift */; };
		0868209927BFDE2D00551F6A /* ViewStatDisplay.swift in Sources */ = {isa = PBXBuildFile; fileRef = 0868209827BFDE2D00551F6A /* ViewStatDisplay.swift */; };
		086B3D9828325903006E08CB /* ClockServiceTests.swift in Sources */ = {isa = PBXBuildFile; fileRef = 086B3D9728325903006E08CB /* ClockServiceTests.swift */; };
		086B3D9A28325992006E08CB /* ClockService.swift in Sources */ = {isa = PBXBuildFile; fileRef = 086B3D9928325992006E08CB /* ClockService.swift */; };
		086B3D9C2832AC74006E08CB /* ClockAnimator.swift in Sources */ = {isa = PBXBuildFile; fileRef = 086B3D9B2832AC74006E08CB /* ClockAnimator.swift */; };
		086FFE68281699DF0054266E /* Localizable.strings in Resources */ = {isa = PBXBuildFile; fileRef = 086FFE6A281699DF0054266E /* Localizable.strings */; };
		0870EEFB2809B81100336759 /* EntriesListServiceTests.swift in Sources */ = {isa = PBXBuildFile; fileRef = 0870EEFA2809B81100336759 /* EntriesListServiceTests.swift */; };
		0873EFC4281B208A00A18F53 /* SwipeGestureView.swift in Sources */ = {isa = PBXBuildFile; fileRef = 0873EFC3281B208A00A18F53 /* SwipeGestureView.swift */; };
		08787260282A8D70007AE7A8 /* EntryDetailsServiceTests.swift in Sources */ = {isa = PBXBuildFile; fileRef = 0878725F282A8D70007AE7A8 /* EntryDetailsServiceTests.swift */; };
		0880C3B628009DFA00970254 /* CoreDataStack.swift in Sources */ = {isa = PBXBuildFile; fileRef = 0880C3B528009DFA00970254 /* CoreDataStack.swift */; };
		08874562284E5B5C001FBD48 /* LocalNotificationsStack.swift in Sources */ = {isa = PBXBuildFile; fileRef = 08874561284E5B5C001FBD48 /* LocalNotificationsStack.swift */; };
		0890627827A0A2520032847C /* EntryDetailsController.swift in Sources */ = {isa = PBXBuildFile; fileRef = 0890627727A0A2520032847C /* EntryDetailsController.swift */; };
		0890627A27A0A25E0032847C /* EntryDetailsView.swift in Sources */ = {isa = PBXBuildFile; fileRef = 0890627927A0A25E0032847C /* EntryDetailsView.swift */; };
		0890627C27A0A2700032847C /* PointTimeCell.swift in Sources */ = {isa = PBXBuildFile; fileRef = 0890627B27A0A2700032847C /* PointTimeCell.swift */; };
		0890627E27A0AD460032847C /* EntensionPoint.swift in Sources */ = {isa = PBXBuildFile; fileRef = 0890627D27A0AD460032847C /* EntensionPoint.swift */; };
		0898017927FAF17C0014E110 /* UIMovableTextView.swift in Sources */ = {isa = PBXBuildFile; fileRef = 0898017827FAF17C0014E110 /* UIMovableTextView.swift */; };
		08A473FC28201F5400D62194 /* HintsManagerTests.swift in Sources */ = {isa = PBXBuildFile; fileRef = 08A473FB28201F5400D62194 /* HintsManagerTests.swift */; };
		08A473FE2820210600D62194 /* HintsManager.swift in Sources */ = {isa = PBXBuildFile; fileRef = 08A473FD2820210600D62194 /* HintsManager.swift */; };
		08C1FD73281A8B040051CD48 /* EntryCellAnimator.swift in Sources */ = {isa = PBXBuildFile; fileRef = 08C1FD72281A8B040051CD48 /* EntryCellAnimator.swift */; };
		08C1FD75281A9C950051CD48 /* ExtenstionUIImage.swift in Sources */ = {isa = PBXBuildFile; fileRef = 08C1FD74281A9C950051CD48 /* ExtenstionUIImage.swift */; };
		08C5D24F27F5D6250099260D /* EntriesListService.swift in Sources */ = {isa = PBXBuildFile; fileRef = 08C5D24E27F5D6250099260D /* EntriesListService.swift */; };
		08C5D25127F606CF0099260D /* UISwipingSelector.swift in Sources */ = {isa = PBXBuildFile; fileRef = 08C5D25027F606CF0099260D /* UISwipingSelector.swift */; };
		08D47A4128129D210085826F /* RemindersController.swift in Sources */ = {isa = PBXBuildFile; fileRef = 08D47A4028129D210085826F /* RemindersController.swift */; };
		08D47A4428129FC30085826F /* ReminderCell.swift in Sources */ = {isa = PBXBuildFile; fileRef = 08D47A4328129FC30085826F /* ReminderCell.swift */; };
		08D5121E27870D2500C2037F /* AppDelegate.swift in Sources */ = {isa = PBXBuildFile; fileRef = 08D5121D27870D2500C2037F /* AppDelegate.swift */; };
		08D5122027870D2500C2037F /* SceneDelegate.swift in Sources */ = {isa = PBXBuildFile; fileRef = 08D5121F27870D2500C2037F /* SceneDelegate.swift */; };
		08D5122227870D2500C2037F /* EntriesListController.swift in Sources */ = {isa = PBXBuildFile; fileRef = 08D5122127870D2500C2037F /* EntriesListController.swift */; };
		08D5122727870D2600C2037F /* Assets.xcassets in Resources */ = {isa = PBXBuildFile; fileRef = 08D5122627870D2600C2037F /* Assets.xcassets */; };
		08D5122A27870D2600C2037F /* LaunchScreen.storyboard in Resources */ = {isa = PBXBuildFile; fileRef = 08D5122827870D2600C2037F /* LaunchScreen.storyboard */; };
		08D512362787144800C2037F /* EntriesListView.swift in Sources */ = {isa = PBXBuildFile; fileRef = 08D512352787144800C2037F /* EntriesListView.swift */; };
		08D512382787153900C2037F /* EntryCell.swift in Sources */ = {isa = PBXBuildFile; fileRef = 08D512372787153900C2037F /* EntryCell.swift */; };
		08D512402787170200C2037F /* ExtensionUIView.swift in Sources */ = {isa = PBXBuildFile; fileRef = 08D5123F2787170200C2037F /* ExtensionUIView.swift */; };
		08DC51F9284BD2BD00DEDFBD /* ClockSectionAnimatedLayer.swift in Sources */ = {isa = PBXBuildFile; fileRef = 08DC51F8284BD2BD00DEDFBD /* ClockSectionAnimatedLayer.swift */; };
		08E56DF0280DD77900635887 /* EntryTests.swift in Sources */ = {isa = PBXBuildFile; fileRef = 08E56DEF280DD77900635887 /* EntryTests.swift */; };
		08E620842787406400BBABFD /* Metrics.swift in Sources */ = {isa = PBXBuildFile; fileRef = 08E620832787406400BBABFD /* Metrics.swift */; };
		08EC54392837B2B000249DF1 /* Features.rtf in Resources */ = {isa = PBXBuildFile; fileRef = 08EC54382837B2B000249DF1 /* Features.rtf */; };
		08F239FF2810326200AD7688 /* LocalNotificationsTests.swift in Sources */ = {isa = PBXBuildFile; fileRef = 08F239FE2810326200AD7688 /* LocalNotificationsTests.swift */; };
		08F23A01281032F200AD7688 /* LocalNotificationsService.swift in Sources */ = {isa = PBXBuildFile; fileRef = 08F23A00281032F200AD7688 /* LocalNotificationsService.swift */; };
		08F9C5EC282BD35F007EAD47 /* Clock.swift in Sources */ = {isa = PBXBuildFile; fileRef = 08F9C5EB282BD35F007EAD47 /* Clock.swift */; };
		08FF32302842037B002E9F13 /* ClockSectionsAnimator.swift in Sources */ = {isa = PBXBuildFile; fileRef = 08FF322F2842037B002E9F13 /* ClockSectionsAnimator.swift */; };
/* End PBXBuildFile section */

/* Begin PBXContainerItemProxy section */
		0870EEFC2809B81100336759 /* PBXContainerItemProxy */ = {
			isa = PBXContainerItemProxy;
			containerPortal = 08D5121227870D2500C2037F /* Project object */;
			proxyType = 1;
			remoteGlobalIDString = 08D5121927870D2500C2037F;
			remoteInfo = Remem;
		};
/* End PBXContainerItemProxy section */

/* Begin PBXFileReference section */
		080656E7283B945100C09409 /* ClockSectionsList.swift */ = {isa = PBXFileReference; lastKnownFileType = sourcecode.swift; path = ClockSectionsList.swift; sourceTree = "<group>"; };
		080656E9283B946000C09409 /* ClockSection.swift */ = {isa = PBXFileReference; lastKnownFileType = sourcecode.swift; path = ClockSection.swift; sourceTree = "<group>"; };
		080656EB283B94C700C09409 /* ClockStitchDescriptionsContainerTests.swift */ = {isa = PBXFileReference; lastKnownFileType = sourcecode.swift; path = ClockStitchDescriptionsContainerTests.swift; sourceTree = "<group>"; };
		080656ED283B94DF00C09409 /* ClockSectionDescriptionTests.swift */ = {isa = PBXFileReference; lastKnownFileType = sourcecode.swift; path = ClockSectionDescriptionTests.swift; sourceTree = "<group>"; };
		080656EF283BB88200C09409 /* ClockTimeDescriptionTests.swift */ = {isa = PBXFileReference; lastKnownFileType = sourcecode.swift; path = ClockTimeDescriptionTests.swift; sourceTree = "<group>"; };
		080656F1283BB92200C09409 /* ClockTimeDescription.swift */ = {isa = PBXFileReference; lastKnownFileType = sourcecode.swift; path = ClockTimeDescription.swift; sourceTree = "<group>"; };
		080A15EC27A06003001BAFEB /* ExtensionEntry.swift */ = {isa = PBXFileReference; lastKnownFileType = sourcecode.swift; path = ExtensionEntry.swift; sourceTree = "<group>"; };
		080F0FDD27FC83E2006BFCE8 /* EntryDetailsService.swift */ = {isa = PBXFileReference; lastKnownFileType = sourcecode.swift; path = EntryDetailsService.swift; sourceTree = "<group>"; };
		08286B02284170A900FBC022 /* ClockFace.swift */ = {isa = PBXFileReference; lastKnownFileType = sourcecode.swift; path = ClockFace.swift; sourceTree = "<group>"; };
		08293CC027B670FC0039E432 /* DayOfTheWeekCell.swift */ = {isa = PBXFileReference; lastKnownFileType = sourcecode.swift; path = DayOfTheWeekCell.swift; sourceTree = "<group>"; };
		0830DA3327C3A6DA00479014 /* SettingsController.swift */ = {isa = PBXFileReference; lastKnownFileType = sourcecode.swift; path = SettingsController.swift; sourceTree = "<group>"; };
		0830DA3527C3A6E000479014 /* SettingsView.swift */ = {isa = PBXFileReference; lastKnownFileType = sourcecode.swift; path = SettingsView.swift; sourceTree = "<group>"; };
		083A415F27BE603800AF2098 /* ExtensionDate.swift */ = {isa = PBXFileReference; lastKnownFileType = sourcecode.swift; path = ExtensionDate.swift; sourceTree = "<group>"; };
		083D3894279AE81100134A15 /* Entry.xcdatamodel */ = {isa = PBXFileReference; lastKnownFileType = wrapper.xcdatamodel; path = Entry.xcdatamodel; sourceTree = "<group>"; };
		083D3896279B0A7100134A15 /* ExtensionUIDevice.swift */ = {isa = PBXFileReference; lastKnownFileType = sourcecode.swift; path = ExtensionUIDevice.swift; sourceTree = "<group>"; };
		0848C946281161F9003ED51D /* ReminderInput.swift */ = {isa = PBXFileReference; lastKnownFileType = sourcecode.swift; path = ReminderInput.swift; sourceTree = "<group>"; };
		0848C948281162DD003ED51D /* UITextFieldWithPadding.swift */ = {isa = PBXFileReference; lastKnownFileType = sourcecode.swift; path = UITextFieldWithPadding.swift; sourceTree = "<group>"; };
		0848C94A281163C9003ED51D /* SettingsRowView.swift */ = {isa = PBXFileReference; lastKnownFileType = sourcecode.swift; path = SettingsRowView.swift; sourceTree = "<group>"; };
		0852C69D283D39CA0027EF3E /* ClockController.swift */ = {isa = PBXFileReference; lastKnownFileType = sourcecode.swift; path = ClockController.swift; sourceTree = "<group>"; };
		0852C69F283D39F80027EF3E /* ClockView.swift */ = {isa = PBXFileReference; lastKnownFileType = sourcecode.swift; path = ClockView.swift; sourceTree = "<group>"; };
		0852C6A1283D570E0027EF3E /* PointsListController.swift */ = {isa = PBXFileReference; lastKnownFileType = sourcecode.swift; path = PointsListController.swift; sourceTree = "<group>"; };
		0852C6A3283D57230027EF3E /* PointsListView.swift */ = {isa = PBXFileReference; lastKnownFileType = sourcecode.swift; path = PointsListView.swift; sourceTree = "<group>"; };
		0852C6A7283D5DB60027EF3E /* BeltController.swift */ = {isa = PBXFileReference; lastKnownFileType = sourcecode.swift; path = BeltController.swift; sourceTree = "<group>"; };
		0852C6A9283D5DC00027EF3E /* BeltView.swift */ = {isa = PBXFileReference; lastKnownFileType = sourcecode.swift; path = BeltView.swift; sourceTree = "<group>"; };
		0852C6AC283D66170027EF3E /* WeekController.swift */ = {isa = PBXFileReference; lastKnownFileType = sourcecode.swift; path = WeekController.swift; sourceTree = "<group>"; };
		0852C6AE283D66380027EF3E /* WeekView.swift */ = {isa = PBXFileReference; lastKnownFileType = sourcecode.swift; path = WeekView.swift; sourceTree = "<group>"; };
		0852C6B0283D7B430027EF3E /* ClockPainter.swift */ = {isa = PBXFileReference; lastKnownFileType = sourcecode.swift; path = ClockPainter.swift; sourceTree = "<group>"; };
		0857A7A928225B50006CCC99 /* PointsListService.swift */ = {isa = PBXFileReference; lastKnownFileType = sourcecode.swift; path = PointsListService.swift; sourceTree = "<group>"; };
		0857A7AB28225B8F006CCC99 /* PointsListServiceTests.swift */ = {isa = PBXFileReference; lastKnownFileType = sourcecode.swift; path = PointsListServiceTests.swift; sourceTree = "<group>"; };
		0857A7AD28226C39006CCC99 /* EntryWeekDistributionServiceTests.swift */ = {isa = PBXFileReference; lastKnownFileType = sourcecode.swift; path = EntryWeekDistributionServiceTests.swift; sourceTree = "<group>"; };
		0857A7AF2822720E006CCC99 /* WeekService.swift */ = {isa = PBXFileReference; lastKnownFileType = sourcecode.swift; path = WeekService.swift; sourceTree = "<group>"; };
		085D38DD27FEF45600A18912 /* Animator.swift */ = {isa = PBXFileReference; lastKnownFileType = sourcecode.swift; path = Animator.swift; sourceTree = "<group>"; };
		086055F82795EC0600DDDD02 /* ExtensionComparable.swift */ = {isa = PBXFileReference; lastKnownFileType = sourcecode.swift; path = ExtensionComparable.swift; sourceTree = "<group>"; };
		0868209427BFAD7F00551F6A /* ViewScroll.swift */ = {isa = PBXFileReference; lastKnownFileType = sourcecode.swift; path = ViewScroll.swift; sourceTree = "<group>"; };
		0868209827BFDE2D00551F6A /* ViewStatDisplay.swift */ = {isa = PBXFileReference; lastKnownFileType = sourcecode.swift; path = ViewStatDisplay.swift; sourceTree = "<group>"; };
		086B3D9728325903006E08CB /* ClockServiceTests.swift */ = {isa = PBXFileReference; lastKnownFileType = sourcecode.swift; path = ClockServiceTests.swift; sourceTree = "<group>"; };
		086B3D9928325992006E08CB /* ClockService.swift */ = {isa = PBXFileReference; lastKnownFileType = sourcecode.swift; path = ClockService.swift; sourceTree = "<group>"; };
		086B3D9B2832AC74006E08CB /* ClockAnimator.swift */ = {isa = PBXFileReference; lastKnownFileType = sourcecode.swift; path = ClockAnimator.swift; sourceTree = "<group>"; };
		086FFE652816971A0054266E /* uk */ = {isa = PBXFileReference; lastKnownFileType = text.plist.strings; name = uk; path = uk.lproj/LaunchScreen.strings; sourceTree = "<group>"; };
		086FFE69281699DF0054266E /* en */ = {isa = PBXFileReference; lastKnownFileType = text.plist.strings; name = en; path = en.lproj/Localizable.strings; sourceTree = "<group>"; };
		086FFE6B281699E40054266E /* uk */ = {isa = PBXFileReference; lastKnownFileType = text.plist.strings; name = uk; path = uk.lproj/Localizable.strings; sourceTree = "<group>"; };
		086FFE6C28169DA70054266E /* ru */ = {isa = PBXFileReference; lastKnownFileType = text.plist.strings; name = ru; path = ru.lproj/LaunchScreen.strings; sourceTree = "<group>"; };
		086FFE6D28169DA70054266E /* ru */ = {isa = PBXFileReference; lastKnownFileType = text.plist.strings; name = ru; path = ru.lproj/Localizable.strings; sourceTree = "<group>"; };
		0870EEF82809B81100336759 /* RememTests.xctest */ = {isa = PBXFileReference; explicitFileType = wrapper.cfbundle; includeInIndex = 0; path = RememTests.xctest; sourceTree = BUILT_PRODUCTS_DIR; };
		0870EEFA2809B81100336759 /* EntriesListServiceTests.swift */ = {isa = PBXFileReference; lastKnownFileType = sourcecode.swift; path = EntriesListServiceTests.swift; sourceTree = "<group>"; };
		0873EFC3281B208A00A18F53 /* SwipeGestureView.swift */ = {isa = PBXFileReference; lastKnownFileType = sourcecode.swift; path = SwipeGestureView.swift; sourceTree = "<group>"; };
		0878725F282A8D70007AE7A8 /* EntryDetailsServiceTests.swift */ = {isa = PBXFileReference; lastKnownFileType = sourcecode.swift; path = EntryDetailsServiceTests.swift; sourceTree = "<group>"; };
		0880C3B528009DFA00970254 /* CoreDataStack.swift */ = {isa = PBXFileReference; lastKnownFileType = sourcecode.swift; path = CoreDataStack.swift; sourceTree = "<group>"; };
		08874561284E5B5C001FBD48 /* LocalNotificationsStack.swift */ = {isa = PBXFileReference; lastKnownFileType = sourcecode.swift; path = LocalNotificationsStack.swift; sourceTree = "<group>"; };
		0890627727A0A2520032847C /* EntryDetailsController.swift */ = {isa = PBXFileReference; lastKnownFileType = sourcecode.swift; path = EntryDetailsController.swift; sourceTree = "<group>"; };
		0890627927A0A25E0032847C /* EntryDetailsView.swift */ = {isa = PBXFileReference; lastKnownFileType = sourcecode.swift; path = EntryDetailsView.swift; sourceTree = "<group>"; };
		0890627B27A0A2700032847C /* PointTimeCell.swift */ = {isa = PBXFileReference; lastKnownFileType = sourcecode.swift; path = PointTimeCell.swift; sourceTree = "<group>"; };
		0890627D27A0AD460032847C /* EntensionPoint.swift */ = {isa = PBXFileReference; lastKnownFileType = sourcecode.swift; path = EntensionPoint.swift; sourceTree = "<group>"; };
		0898017827FAF17C0014E110 /* UIMovableTextView.swift */ = {isa = PBXFileReference; lastKnownFileType = sourcecode.swift; path = UIMovableTextView.swift; sourceTree = "<group>"; };
		08A473FB28201F5400D62194 /* HintsManagerTests.swift */ = {isa = PBXFileReference; lastKnownFileType = sourcecode.swift; path = HintsManagerTests.swift; sourceTree = "<group>"; };
		08A473FD2820210600D62194 /* HintsManager.swift */ = {isa = PBXFileReference; lastKnownFileType = sourcecode.swift; path = HintsManager.swift; sourceTree = "<group>"; };
		08C1FD72281A8B040051CD48 /* EntryCellAnimator.swift */ = {isa = PBXFileReference; lastKnownFileType = sourcecode.swift; path = EntryCellAnimator.swift; sourceTree = "<group>"; };
		08C1FD74281A9C950051CD48 /* ExtenstionUIImage.swift */ = {isa = PBXFileReference; lastKnownFileType = sourcecode.swift; path = ExtenstionUIImage.swift; sourceTree = "<group>"; };
		08C5D24E27F5D6250099260D /* EntriesListService.swift */ = {isa = PBXFileReference; lastKnownFileType = sourcecode.swift; path = EntriesListService.swift; sourceTree = "<group>"; };
		08C5D25027F606CF0099260D /* UISwipingSelector.swift */ = {isa = PBXFileReference; lastKnownFileType = sourcecode.swift; path = UISwipingSelector.swift; sourceTree = "<group>"; };
		08D47A4028129D210085826F /* RemindersController.swift */ = {isa = PBXFileReference; lastKnownFileType = sourcecode.swift; path = RemindersController.swift; sourceTree = "<group>"; };
		08D47A4328129FC30085826F /* ReminderCell.swift */ = {isa = PBXFileReference; lastKnownFileType = sourcecode.swift; path = ReminderCell.swift; sourceTree = "<group>"; };
		08D5121A27870D2500C2037F /* Remem.app */ = {isa = PBXFileReference; explicitFileType = wrapper.application; includeInIndex = 0; path = Remem.app; sourceTree = BUILT_PRODUCTS_DIR; };
		08D5121D27870D2500C2037F /* AppDelegate.swift */ = {isa = PBXFileReference; lastKnownFileType = sourcecode.swift; path = AppDelegate.swift; sourceTree = "<group>"; };
		08D5121F27870D2500C2037F /* SceneDelegate.swift */ = {isa = PBXFileReference; lastKnownFileType = sourcecode.swift; path = SceneDelegate.swift; sourceTree = "<group>"; };
		08D5122127870D2500C2037F /* EntriesListController.swift */ = {isa = PBXFileReference; lastKnownFileType = sourcecode.swift; path = EntriesListController.swift; sourceTree = "<group>"; };
		08D5122627870D2600C2037F /* Assets.xcassets */ = {isa = PBXFileReference; lastKnownFileType = folder.assetcatalog; path = Assets.xcassets; sourceTree = "<group>"; };
		08D5122927870D2600C2037F /* Base */ = {isa = PBXFileReference; lastKnownFileType = file.storyboard; name = Base; path = Base.lproj/LaunchScreen.storyboard; sourceTree = "<group>"; };
		08D5122B27870D2600C2037F /* Info.plist */ = {isa = PBXFileReference; lastKnownFileType = text.plist.xml; path = Info.plist; sourceTree = "<group>"; };
		08D512352787144800C2037F /* EntriesListView.swift */ = {isa = PBXFileReference; lastKnownFileType = sourcecode.swift; path = EntriesListView.swift; sourceTree = "<group>"; };
		08D512372787153900C2037F /* EntryCell.swift */ = {isa = PBXFileReference; lastKnownFileType = sourcecode.swift; path = EntryCell.swift; sourceTree = "<group>"; };
		08D5123F2787170200C2037F /* ExtensionUIView.swift */ = {isa = PBXFileReference; lastKnownFileType = sourcecode.swift; path = ExtensionUIView.swift; sourceTree = "<group>"; };
		08DC51F8284BD2BD00DEDFBD /* ClockSectionAnimatedLayer.swift */ = {isa = PBXFileReference; lastKnownFileType = sourcecode.swift; path = ClockSectionAnimatedLayer.swift; sourceTree = "<group>"; };
		08E56DEF280DD77900635887 /* EntryTests.swift */ = {isa = PBXFileReference; lastKnownFileType = sourcecode.swift; path = EntryTests.swift; sourceTree = "<group>"; };
		08E620832787406400BBABFD /* Metrics.swift */ = {isa = PBXFileReference; lastKnownFileType = sourcecode.swift; path = Metrics.swift; sourceTree = "<group>"; };
		08EC54382837B2B000249DF1 /* Features.rtf */ = {isa = PBXFileReference; lastKnownFileType = text.rtf; path = Features.rtf; sourceTree = "<group>"; };
		08F239FE2810326200AD7688 /* LocalNotificationsTests.swift */ = {isa = PBXFileReference; lastKnownFileType = sourcecode.swift; path = LocalNotificationsTests.swift; sourceTree = "<group>"; };
		08F23A00281032F200AD7688 /* LocalNotificationsService.swift */ = {isa = PBXFileReference; lastKnownFileType = sourcecode.swift; path = LocalNotificationsService.swift; sourceTree = "<group>"; };
		08F9C5EB282BD35F007EAD47 /* Clock.swift */ = {isa = PBXFileReference; lastKnownFileType = sourcecode.swift; path = Clock.swift; sourceTree = "<group>"; };
		08FF322F2842037B002E9F13 /* ClockSectionsAnimator.swift */ = {isa = PBXFileReference; lastKnownFileType = sourcecode.swift; path = ClockSectionsAnimator.swift; sourceTree = "<group>"; };
/* End PBXFileReference section */

/* Begin PBXFrameworksBuildPhase section */
		0870EEF52809B81100336759 /* Frameworks */ = {
			isa = PBXFrameworksBuildPhase;
			buildActionMask = 2147483647;
			files = (
			);
			runOnlyForDeploymentPostprocessing = 0;
		};
		08D5121727870D2500C2037F /* Frameworks */ = {
			isa = PBXFrameworksBuildPhase;
			buildActionMask = 2147483647;
			files = (
			);
			runOnlyForDeploymentPostprocessing = 0;
		};
/* End PBXFrameworksBuildPhase section */

/* Begin PBXGroup section */
		080656E6283B942C00C09409 /* Clock */ = {
			isa = PBXGroup;
			children = (
				08F9C5EB282BD35F007EAD47 /* Clock.swift */,
				086B3D9B2832AC74006E08CB /* ClockAnimator.swift */,
				0852C69D283D39CA0027EF3E /* ClockController.swift */,
				08286B02284170A900FBC022 /* ClockFace.swift */,
				0852C6B0283D7B430027EF3E /* ClockPainter.swift */,
				080656E9283B946000C09409 /* ClockSection.swift */,
				08DC51F8284BD2BD00DEDFBD /* ClockSectionAnimatedLayer.swift */,
				08FF322F2842037B002E9F13 /* ClockSectionsAnimator.swift */,
				080656E7283B945100C09409 /* ClockSectionsList.swift */,
				086B3D9928325992006E08CB /* ClockService.swift */,
				080656F1283BB92200C09409 /* ClockTimeDescription.swift */,
				0852C69F283D39F80027EF3E /* ClockView.swift */,
			);
			path = Clock;
			sourceTree = "<group>";
		};
		0830DA3227C3A6C900479014 /* Settings */ = {
			isa = PBXGroup;
			children = (
				08D47A4228129D910085826F /* Reminders */,
				0830DA3327C3A6DA00479014 /* SettingsController.swift */,
				0848C94A281163C9003ED51D /* SettingsRowView.swift */,
				0830DA3527C3A6E000479014 /* SettingsView.swift */,
			);
			path = Settings;
			sourceTree = "<group>";
		};
		0852C69C283D33F60027EF3E /* Clock */ = {
			isa = PBXGroup;
			children = (
				086B3D9728325903006E08CB /* ClockServiceTests.swift */,
				080656EB283B94C700C09409 /* ClockStitchDescriptionsContainerTests.swift */,
				080656ED283B94DF00C09409 /* ClockSectionDescriptionTests.swift */,
				080656EF283BB88200C09409 /* ClockTimeDescriptionTests.swift */,
			);
			path = Clock;
			sourceTree = "<group>";
		};
		0852C6A5283D57500027EF3E /* PointsList */ = {
			isa = PBXGroup;
			children = (
				0857A7A928225B50006CCC99 /* PointsListService.swift */,
				0852C6A1283D570E0027EF3E /* PointsListController.swift */,
				0852C6A3283D57230027EF3E /* PointsListView.swift */,
			);
			path = PointsList;
			sourceTree = "<group>";
		};
		0852C6A6283D5DA80027EF3E /* Belt */ = {
			isa = PBXGroup;
			children = (
				0852C6A7283D5DB60027EF3E /* BeltController.swift */,
				0852C6A9283D5DC00027EF3E /* BeltView.swift */,
			);
			path = Belt;
			sourceTree = "<group>";
		};
		0852C6AB283D66010027EF3E /* Week */ = {
			isa = PBXGroup;
			children = (
				0857A7AF2822720E006CCC99 /* WeekService.swift */,
				0852C6AC283D66170027EF3E /* WeekController.swift */,
				0852C6AE283D66380027EF3E /* WeekView.swift */,
			);
			path = Week;
			sourceTree = "<group>";
		};
		0857A7B12822721F006CCC99 /* Cells */ = {
			isa = PBXGroup;
			children = (
				08293CC027B670FC0039E432 /* DayOfTheWeekCell.swift */,
				0890627B27A0A2700032847C /* PointTimeCell.swift */,
			);
			path = Cells;
			sourceTree = "<group>";
		};
		0857A7B328227236006CCC99 /* Services */ = {
			isa = PBXGroup;
			children = (
				080F0FDD27FC83E2006BFCE8 /* EntryDetailsService.swift */,
			);
			path = Services;
			sourceTree = "<group>";
		};
		0868209327BFAD6500551F6A /* Components */ = {
			isa = PBXGroup;
			children = (
				0868209427BFAD7F00551F6A /* ViewScroll.swift */,
				0868209827BFDE2D00551F6A /* ViewStatDisplay.swift */,
				0848C948281162DD003ED51D /* UITextFieldWithPadding.swift */,
				0873EFC3281B208A00A18F53 /* SwipeGestureView.swift */,
			);
			path = Components;
			sourceTree = "<group>";
		};
		0870EEF92809B81100336759 /* RememTests */ = {
			isa = PBXGroup;
			children = (
				0852C69C283D33F60027EF3E /* Clock */,
				0870EEFA2809B81100336759 /* EntriesListServiceTests.swift */,
				0878725F282A8D70007AE7A8 /* EntryDetailsServiceTests.swift */,
				0857A7AB28225B8F006CCC99 /* PointsListServiceTests.swift */,
				08E56DEF280DD77900635887 /* EntryTests.swift */,
				0857A7AD28226C39006CCC99 /* EntryWeekDistributionServiceTests.swift */,
				08A473FB28201F5400D62194 /* HintsManagerTests.swift */,
				08F239FE2810326200AD7688 /* LocalNotificationsTests.swift */,
			);
			path = RememTests;
			sourceTree = "<group>";
		};
		0890627627A0A1E30032847C /* EntryDetails */ = {
			isa = PBXGroup;
			children = (
				0852C6AB283D66010027EF3E /* Week */,
				0852C6A6283D5DA80027EF3E /* Belt */,
				0852C6A5283D57500027EF3E /* PointsList */,
				080656E6283B942C00C09409 /* Clock */,
				0857A7B12822721F006CCC99 /* Cells */,
				0890627927A0A25E0032847C /* EntryDetailsView.swift */,
				0890627727A0A2520032847C /* EntryDetailsController.swift */,
				0857A7B328227236006CCC99 /* Services */,
			);
			path = EntryDetails;
			sourceTree = "<group>";
		};
		08D47A4228129D910085826F /* Reminders */ = {
			isa = PBXGroup;
			children = (
				08D47A4328129FC30085826F /* ReminderCell.swift */,
				0848C946281161F9003ED51D /* ReminderInput.swift */,
				08D47A4028129D210085826F /* RemindersController.swift */,
			);
			path = Reminders;
			sourceTree = "<group>";
		};
		08D5121127870D2500C2037F = {
			isa = PBXGroup;
			children = (
				08D5121C27870D2500C2037F /* Remem */,
				0870EEF92809B81100336759 /* RememTests */,
				08D5121B27870D2500C2037F /* Products */,
			);
			sourceTree = "<group>";
		};
		08D5121B27870D2500C2037F /* Products */ = {
			isa = PBXGroup;
			children = (
				08D5121A27870D2500C2037F /* Remem.app */,
				0870EEF82809B81100336759 /* RememTests.xctest */,
			);
			name = Products;
			sourceTree = "<group>";
		};
		08D5121C27870D2500C2037F /* Remem */ = {
			isa = PBXGroup;
			children = (
				0868209327BFAD6500551F6A /* Components */,
				08D512332787140D00C2037F /* Controllers */,
				08D512322787136B00C2037F /* Delegates */,
				08D5123E278716DA00C2037F /* Helpers */,
				08D512392787156500C2037F /* Models */,
				08D512312787135300C2037F /* Resources */,
			);
			path = Remem;
			sourceTree = "<group>";
		};
		08D512312787135300C2037F /* Resources */ = {
			isa = PBXGroup;
			children = (
				08D5122627870D2600C2037F /* Assets.xcassets */,
				08D5122B27870D2600C2037F /* Info.plist */,
				08D5122827870D2600C2037F /* LaunchScreen.storyboard */,
				086FFE6A281699DF0054266E /* Localizable.strings */,
				08EC54382837B2B000249DF1 /* Features.rtf */,
			);
			path = Resources;
			sourceTree = "<group>";
		};
		08D512322787136B00C2037F /* Delegates */ = {
			isa = PBXGroup;
			children = (
				08D5121D27870D2500C2037F /* AppDelegate.swift */,
				0880C3B528009DFA00970254 /* CoreDataStack.swift */,
				08F23A00281032F200AD7688 /* LocalNotificationsService.swift */,
				08874561284E5B5C001FBD48 /* LocalNotificationsStack.swift */,
				08D5121F27870D2500C2037F /* SceneDelegate.swift */,
			);
			path = Delegates;
			sourceTree = "<group>";
		};
		08D512332787140D00C2037F /* Controllers */ = {
			isa = PBXGroup;
			children = (
				0830DA3227C3A6C900479014 /* Settings */,
				0890627627A0A1E30032847C /* EntryDetails */,
				08D512342787143900C2037F /* EntriesList */,
			);
			path = Controllers;
			sourceTree = "<group>";
		};
		08D512342787143900C2037F /* EntriesList */ = {
			isa = PBXGroup;
			children = (
				08D5122127870D2500C2037F /* EntriesListController.swift */,
				08C5D24E27F5D6250099260D /* EntriesListService.swift */,
				08D512352787144800C2037F /* EntriesListView.swift */,
				08D512372787153900C2037F /* EntryCell.swift */,
				08C1FD72281A8B040051CD48 /* EntryCellAnimator.swift */,
				08A473FD2820210600D62194 /* HintsManager.swift */,
				0898017827FAF17C0014E110 /* UIMovableTextView.swift */,
				08C5D25027F606CF0099260D /* UISwipingSelector.swift */,
			);
			path = EntriesList;
			sourceTree = "<group>";
		};
		08D512392787156500C2037F /* Models */ = {
			isa = PBXGroup;
			children = (
				0890627D27A0AD460032847C /* EntensionPoint.swift */,
				083D3893279AE81100134A15 /* EntriesList.xcdatamodeld */,
				080A15EC27A06003001BAFEB /* ExtensionEntry.swift */,
			);
			path = Models;
			sourceTree = "<group>";
		};
		08D5123E278716DA00C2037F /* Helpers */ = {
			isa = PBXGroup;
			children = (
				085D38DD27FEF45600A18912 /* Animator.swift */,
				086055F82795EC0600DDDD02 /* ExtensionComparable.swift */,
				083A415F27BE603800AF2098 /* ExtensionDate.swift */,
				083D3896279B0A7100134A15 /* ExtensionUIDevice.swift */,
				08D5123F2787170200C2037F /* ExtensionUIView.swift */,
				08C1FD74281A9C950051CD48 /* ExtenstionUIImage.swift */,
				08E620832787406400BBABFD /* Metrics.swift */,
			);
			path = Helpers;
			sourceTree = "<group>";
		};
/* End PBXGroup section */

/* Begin PBXNativeTarget section */
		0870EEF72809B81100336759 /* RememTests */ = {
			isa = PBXNativeTarget;
			buildConfigurationList = 0870EF012809B81100336759 /* Build configuration list for PBXNativeTarget "RememTests" */;
			buildPhases = (
				0870EEF42809B81100336759 /* Sources */,
				0870EEF52809B81100336759 /* Frameworks */,
				0870EEF62809B81100336759 /* Resources */,
			);
			buildRules = (
			);
			dependencies = (
				0870EEFD2809B81100336759 /* PBXTargetDependency */,
			);
			name = RememTests;
			productName = RememTests;
			productReference = 0870EEF82809B81100336759 /* RememTests.xctest */;
			productType = "com.apple.product-type.bundle.unit-test";
		};
		08D5121927870D2500C2037F /* Remem */ = {
			isa = PBXNativeTarget;
			buildConfigurationList = 08D5122E27870D2600C2037F /* Build configuration list for PBXNativeTarget "Remem" */;
			buildPhases = (
				08D5121627870D2500C2037F /* Sources */,
				08D5121727870D2500C2037F /* Frameworks */,
				08D5121827870D2500C2037F /* Resources */,
			);
			buildRules = (
			);
			dependencies = (
			);
			name = Remem;
			productName = Remem;
			productReference = 08D5121A27870D2500C2037F /* Remem.app */;
			productType = "com.apple.product-type.application";
		};
/* End PBXNativeTarget section */

/* Begin PBXProject section */
		08D5121227870D2500C2037F /* Project object */ = {
			isa = PBXProject;
			attributes = {
				BuildIndependentTargetsInParallel = 1;
				LastSwiftUpdateCheck = 1330;
				LastUpgradeCheck = 1310;
				TargetAttributes = {
					0870EEF72809B81100336759 = {
						CreatedOnToolsVersion = 13.3;
						TestTargetID = 08D5121927870D2500C2037F;
					};
					08D5121927870D2500C2037F = {
						CreatedOnToolsVersion = 13.1;
					};
				};
			};
			buildConfigurationList = 08D5121527870D2500C2037F /* Build configuration list for PBXProject "Remem" */;
			compatibilityVersion = "Xcode 13.0";
			developmentRegion = en;
			hasScannedForEncodings = 0;
			knownRegions = (
				en,
				Base,
				uk,
				ru,
			);
			mainGroup = 08D5121127870D2500C2037F;
			productRefGroup = 08D5121B27870D2500C2037F /* Products */;
			projectDirPath = "";
			projectRoot = "";
			targets = (
				08D5121927870D2500C2037F /* Remem */,
				0870EEF72809B81100336759 /* RememTests */,
			);
		};
/* End PBXProject section */

/* Begin PBXResourcesBuildPhase section */
		0870EEF62809B81100336759 /* Resources */ = {
			isa = PBXResourcesBuildPhase;
			buildActionMask = 2147483647;
			files = (
			);
			runOnlyForDeploymentPostprocessing = 0;
		};
		08D5121827870D2500C2037F /* Resources */ = {
			isa = PBXResourcesBuildPhase;
			buildActionMask = 2147483647;
			files = (
				08D5122A27870D2600C2037F /* LaunchScreen.storyboard in Resources */,
				08EC54392837B2B000249DF1 /* Features.rtf in Resources */,
				086FFE68281699DF0054266E /* Localizable.strings in Resources */,
				08D5122727870D2600C2037F /* Assets.xcassets in Resources */,
			);
			runOnlyForDeploymentPostprocessing = 0;
		};
/* End PBXResourcesBuildPhase section */

/* Begin PBXSourcesBuildPhase section */
		0870EEF42809B81100336759 /* Sources */ = {
			isa = PBXSourcesBuildPhase;
			buildActionMask = 2147483647;
			files = (
				08E56DF0280DD77900635887 /* EntryTests.swift in Sources */,
				08787260282A8D70007AE7A8 /* EntryDetailsServiceTests.swift in Sources */,
				086B3D9828325903006E08CB /* ClockServiceTests.swift in Sources */,
				0857A7AC28225B8F006CCC99 /* PointsListServiceTests.swift in Sources */,
				080656EC283B94C700C09409 /* ClockStitchDescriptionsContainerTests.swift in Sources */,
				0870EEFB2809B81100336759 /* EntriesListServiceTests.swift in Sources */,
				08A473FC28201F5400D62194 /* HintsManagerTests.swift in Sources */,
				0857A7AE28226C39006CCC99 /* EntryWeekDistributionServiceTests.swift in Sources */,
				080656EE283B94DF00C09409 /* ClockSectionDescriptionTests.swift in Sources */,
				08F239FF2810326200AD7688 /* LocalNotificationsTests.swift in Sources */,
				080656F0283BB88200C09409 /* ClockTimeDescriptionTests.swift in Sources */,
			);
			runOnlyForDeploymentPostprocessing = 0;
		};
		08D5121627870D2500C2037F /* Sources */ = {
			isa = PBXSourcesBuildPhase;
			buildActionMask = 2147483647;
			files = (
				0848C94B281163C9003ED51D /* SettingsRowView.swift in Sources */,
				0830DA3427C3A6DA00479014 /* SettingsController.swift in Sources */,
				080656EA283B946000C09409 /* ClockSection.swift in Sources */,
				0848C947281161F9003ED51D /* ReminderInput.swift in Sources */,
				08D47A4128129D210085826F /* RemindersController.swift in Sources */,
				08C5D25127F606CF0099260D /* UISwipingSelector.swift in Sources */,
				083D3895279AE81100134A15 /* EntriesList.xcdatamodeld in Sources */,
				080656E8283B945100C09409 /* ClockSectionsList.swift in Sources */,
				08C1FD73281A8B040051CD48 /* EntryCellAnimator.swift in Sources */,
				080F0FDE27FC83E2006BFCE8 /* EntryDetailsService.swift in Sources */,
				083D3897279B0A7100134A15 /* ExtensionUIDevice.swift in Sources */,
				086B3D9C2832AC74006E08CB /* ClockAnimator.swift in Sources */,
				086055F92795EC0600DDDD02 /* ExtensionComparable.swift in Sources */,
				08D512382787153900C2037F /* EntryCell.swift in Sources */,
				0857A7B02822720E006CCC99 /* WeekService.swift in Sources */,
				0890627C27A0A2700032847C /* PointTimeCell.swift in Sources */,
				08C1FD75281A9C950051CD48 /* ExtenstionUIImage.swift in Sources */,
				0898017927FAF17C0014E110 /* UIMovableTextView.swift in Sources */,
				0852C6A2283D570E0027EF3E /* PointsListController.swift in Sources */,
				0880C3B628009DFA00970254 /* CoreDataStack.swift in Sources */,
				0890627E27A0AD460032847C /* EntensionPoint.swift in Sources */,
				0868209527BFAD7F00551F6A /* ViewScroll.swift in Sources */,
				08A473FE2820210600D62194 /* HintsManager.swift in Sources */,
				080A15ED27A06003001BAFEB /* ExtensionEntry.swift in Sources */,
				0852C6B1283D7B430027EF3E /* ClockPainter.swift in Sources */,
				0830DA3627C3A6E000479014 /* SettingsView.swift in Sources */,
				08F23A01281032F200AD7688 /* LocalNotificationsService.swift in Sources */,
				08293CC127B670FC0039E432 /* DayOfTheWeekCell.swift in Sources */,
				0852C6AD283D66170027EF3E /* WeekController.swift in Sources */,
				0890627A27A0A25E0032847C /* EntryDetailsView.swift in Sources */,
				085D38DE27FEF45700A18912 /* Animator.swift in Sources */,
				08874562284E5B5C001FBD48 /* LocalNotificationsStack.swift in Sources */,
				08DC51F9284BD2BD00DEDFBD /* ClockSectionAnimatedLayer.swift in Sources */,
				0852C6AA283D5DC00027EF3E /* BeltView.swift in Sources */,
				08D512402787170200C2037F /* ExtensionUIView.swift in Sources */,
				0873EFC4281B208A00A18F53 /* SwipeGestureView.swift in Sources */,
				08E620842787406400BBABFD /* Metrics.swift in Sources */,
				08C5D24F27F5D6250099260D /* EntriesListService.swift in Sources */,
				083A416027BE603800AF2098 /* ExtensionDate.swift in Sources */,
				086B3D9A28325992006E08CB /* ClockService.swift in Sources */,
				0852C6A0283D39F80027EF3E /* ClockView.swift in Sources */,
				0852C69E283D39CA0027EF3E /* ClockController.swift in Sources */,
				0857A7AA28225B50006CCC99 /* PointsListService.swift in Sources */,
				0848C949281162DD003ED51D /* UITextFieldWithPadding.swift in Sources */,
				0890627827A0A2520032847C /* EntryDetailsController.swift in Sources */,
				08286B03284170A900FBC022 /* ClockFace.swift in Sources */,
				08D5122227870D2500C2037F /* EntriesListController.swift in Sources */,
				0852C6A4283D57230027EF3E /* PointsListView.swift in Sources */,
				08F9C5EC282BD35F007EAD47 /* Clock.swift in Sources */,
				08D47A4428129FC30085826F /* ReminderCell.swift in Sources */,
				0852C6A8283D5DB60027EF3E /* BeltController.swift in Sources */,
				08D512362787144800C2037F /* EntriesListView.swift in Sources */,
				0868209927BFDE2D00551F6A /* ViewStatDisplay.swift in Sources */,
				0852C6AF283D66380027EF3E /* WeekView.swift in Sources */,
				080656F2283BB92200C09409 /* ClockTimeDescription.swift in Sources */,
				08D5121E27870D2500C2037F /* AppDelegate.swift in Sources */,
				08D5122027870D2500C2037F /* SceneDelegate.swift in Sources */,
				08FF32302842037B002E9F13 /* ClockSectionsAnimator.swift in Sources */,
			);
			runOnlyForDeploymentPostprocessing = 0;
		};
/* End PBXSourcesBuildPhase section */

/* Begin PBXTargetDependency section */
		0870EEFD2809B81100336759 /* PBXTargetDependency */ = {
			isa = PBXTargetDependency;
			target = 08D5121927870D2500C2037F /* Remem */;
			targetProxy = 0870EEFC2809B81100336759 /* PBXContainerItemProxy */;
		};
/* End PBXTargetDependency section */

/* Begin PBXVariantGroup section */
		086FFE6A281699DF0054266E /* Localizable.strings */ = {
			isa = PBXVariantGroup;
			children = (
				086FFE69281699DF0054266E /* en */,
				086FFE6B281699E40054266E /* uk */,
				086FFE6D28169DA70054266E /* ru */,
			);
			name = Localizable.strings;
			sourceTree = "<group>";
		};
		08D5122827870D2600C2037F /* LaunchScreen.storyboard */ = {
			isa = PBXVariantGroup;
			children = (
				08D5122927870D2600C2037F /* Base */,
				086FFE652816971A0054266E /* uk */,
				086FFE6C28169DA70054266E /* ru */,
			);
			name = LaunchScreen.storyboard;
			sourceTree = "<group>";
		};
/* End PBXVariantGroup section */

/* Begin XCBuildConfiguration section */
		0831EB9027DA974F00A910D5 /* Onboarding */ = {
			isa = XCBuildConfiguration;
			buildSettings = {
				ALWAYS_SEARCH_USER_PATHS = NO;
				CLANG_ANALYZER_LOCALIZABILITY_NONLOCALIZED = YES;
				CLANG_ANALYZER_NONNULL = YES;
				CLANG_ANALYZER_NUMBER_OBJECT_CONVERSION = YES_AGGRESSIVE;
				CLANG_CXX_LANGUAGE_STANDARD = "gnu++17";
				CLANG_CXX_LIBRARY = "libc++";
				CLANG_ENABLE_MODULES = YES;
				CLANG_ENABLE_OBJC_ARC = YES;
				CLANG_ENABLE_OBJC_WEAK = YES;
				CLANG_WARN_BLOCK_CAPTURE_AUTORELEASING = YES;
				CLANG_WARN_BOOL_CONVERSION = YES;
				CLANG_WARN_COMMA = YES;
				CLANG_WARN_CONSTANT_CONVERSION = YES;
				CLANG_WARN_DEPRECATED_OBJC_IMPLEMENTATIONS = YES;
				CLANG_WARN_DIRECT_OBJC_ISA_USAGE = YES_ERROR;
				CLANG_WARN_DOCUMENTATION_COMMENTS = YES;
				CLANG_WARN_EMPTY_BODY = YES;
				CLANG_WARN_ENUM_CONVERSION = YES;
				CLANG_WARN_INFINITE_RECURSION = YES;
				CLANG_WARN_INT_CONVERSION = YES;
				CLANG_WARN_NON_LITERAL_NULL_CONVERSION = YES;
				CLANG_WARN_OBJC_IMPLICIT_RETAIN_SELF = YES;
				CLANG_WARN_OBJC_LITERAL_CONVERSION = YES;
				CLANG_WARN_OBJC_ROOT_CLASS = YES_ERROR;
				CLANG_WARN_QUOTED_INCLUDE_IN_FRAMEWORK_HEADER = YES;
				CLANG_WARN_RANGE_LOOP_ANALYSIS = YES;
				CLANG_WARN_STRICT_PROTOTYPES = YES;
				CLANG_WARN_SUSPICIOUS_MOVE = YES;
				CLANG_WARN_UNGUARDED_AVAILABILITY = YES_AGGRESSIVE;
				CLANG_WARN_UNREACHABLE_CODE = YES;
				CLANG_WARN__DUPLICATE_METHOD_MATCH = YES;
				COPY_PHASE_STRIP = NO;
				DEBUG_INFORMATION_FORMAT = dwarf;
				ENABLE_STRICT_OBJC_MSGSEND = YES;
				ENABLE_TESTABILITY = YES;
				GCC_C_LANGUAGE_STANDARD = gnu11;
				GCC_DYNAMIC_NO_PIC = NO;
				GCC_NO_COMMON_BLOCKS = YES;
				GCC_OPTIMIZATION_LEVEL = 0;
				GCC_PREPROCESSOR_DEFINITIONS = (
					"DEBUG=1",
					"$(inherited)",
				);
				GCC_WARN_64_TO_32_BIT_CONVERSION = YES;
				GCC_WARN_ABOUT_RETURN_TYPE = YES_ERROR;
				GCC_WARN_UNDECLARED_SELECTOR = YES;
				GCC_WARN_UNINITIALIZED_AUTOS = YES_AGGRESSIVE;
				GCC_WARN_UNUSED_FUNCTION = YES;
				GCC_WARN_UNUSED_VARIABLE = YES;
				IPHONEOS_DEPLOYMENT_TARGET = 15.0;
				MTL_ENABLE_DEBUG_INFO = INCLUDE_SOURCE;
				MTL_FAST_MATH = YES;
				ONLY_ACTIVE_ARCH = YES;
				SDKROOT = iphoneos;
				SWIFT_ACTIVE_COMPILATION_CONDITIONS = DEBUG;
				SWIFT_OPTIMIZATION_LEVEL = "-Onone";
			};
			name = Onboarding;
		};
		0831EB9127DA974F00A910D5 /* Onboarding */ = {
			isa = XCBuildConfiguration;
			buildSettings = {
				ASSETCATALOG_COMPILER_APPICON_NAME = AppIcon;
				ASSETCATALOG_COMPILER_GLOBAL_ACCENT_COLOR_NAME = AccentColor;
				CODE_SIGN_STYLE = Automatic;
				CURRENT_PROJECT_VERSION = 5;
				DEVELOPMENT_TEAM = JQ483HLUHB;
				GENERATE_INFOPLIST_FILE = YES;
				INFOPLIST_FILE = Remem/Resources/Info.plist;
				INFOPLIST_KEY_UIApplicationSupportsIndirectInputEvents = YES;
				INFOPLIST_KEY_UILaunchStoryboardName = LaunchScreen;
				INFOPLIST_KEY_UIStatusBarHidden = YES;
				INFOPLIST_KEY_UISupportedInterfaceOrientations = UIInterfaceOrientationPortrait;
				INFOPLIST_KEY_UISupportedInterfaceOrientations_iPad = "UIInterfaceOrientationPortrait UIInterfaceOrientationPortraitUpsideDown UIInterfaceOrientationLandscapeLeft UIInterfaceOrientationLandscapeRight";
				INFOPLIST_KEY_UISupportedInterfaceOrientations_iPhone = "UIInterfaceOrientationPortrait UIInterfaceOrientationLandscapeLeft UIInterfaceOrientationLandscapeRight";
				LD_RUNPATH_SEARCH_PATHS = (
					"$(inherited)",
					"@executable_path/Frameworks",
				);
				MARKETING_VERSION = 1.0;
				PRODUCT_BUNDLE_IDENTIFIER = io.remem.onboarding;
				PRODUCT_NAME = Onboarding;
				SWIFT_EMIT_LOC_STRINGS = YES;
				SWIFT_VERSION = 5.0;
				TARGETED_DEVICE_FAMILY = 1;
			};
			name = Onboarding;
		};
		0870EEFE2809B81100336759 /* Debug */ = {
			isa = XCBuildConfiguration;
			buildSettings = {
				BUNDLE_LOADER = "$(TEST_HOST)";
				CODE_SIGN_STYLE = Automatic;
				CURRENT_PROJECT_VERSION = 1;
				DEVELOPMENT_TEAM = JQ483HLUHB;
				GENERATE_INFOPLIST_FILE = YES;
				IPHONEOS_DEPLOYMENT_TARGET = 15.4;
				MARKETING_VERSION = 1.0;
				PRODUCT_BUNDLE_IDENTIFIER = mckstanislav.RememTests;
				PRODUCT_NAME = "$(TARGET_NAME)";
				SWIFT_EMIT_LOC_STRINGS = NO;
				SWIFT_VERSION = 5.0;
				TARGETED_DEVICE_FAMILY = "1,2";
				TEST_HOST = "$(BUILT_PRODUCTS_DIR)/Remem.app/Remem";
			};
			name = Debug;
		};
		0870EEFF2809B81100336759 /* Onboarding */ = {
			isa = XCBuildConfiguration;
			buildSettings = {
				BUNDLE_LOADER = "$(TEST_HOST)";
				CODE_SIGN_STYLE = Automatic;
				CURRENT_PROJECT_VERSION = 1;
				DEVELOPMENT_TEAM = JQ483HLUHB;
				GENERATE_INFOPLIST_FILE = YES;
				IPHONEOS_DEPLOYMENT_TARGET = 15.4;
				MARKETING_VERSION = 1.0;
				PRODUCT_BUNDLE_IDENTIFIER = mckstanislav.RememTests;
				PRODUCT_NAME = "$(TARGET_NAME)";
				SWIFT_EMIT_LOC_STRINGS = NO;
				SWIFT_VERSION = 5.0;
				TARGETED_DEVICE_FAMILY = "1,2";
				TEST_HOST = "$(BUILT_PRODUCTS_DIR)/Remem.app/Remem";
			};
			name = Onboarding;
		};
		0870EF002809B81100336759 /* Release */ = {
			isa = XCBuildConfiguration;
			buildSettings = {
				BUNDLE_LOADER = "$(TEST_HOST)";
				CODE_SIGN_STYLE = Automatic;
				CURRENT_PROJECT_VERSION = 1;
				DEVELOPMENT_TEAM = JQ483HLUHB;
				GENERATE_INFOPLIST_FILE = YES;
				IPHONEOS_DEPLOYMENT_TARGET = 15.4;
				MARKETING_VERSION = 1.0;
				PRODUCT_BUNDLE_IDENTIFIER = mckstanislav.RememTests;
				PRODUCT_NAME = "$(TARGET_NAME)";
				SWIFT_EMIT_LOC_STRINGS = NO;
				SWIFT_VERSION = 5.0;
				TARGETED_DEVICE_FAMILY = "1,2";
				TEST_HOST = "$(BUILT_PRODUCTS_DIR)/Remem.app/Remem";
			};
			name = Release;
		};
		08D5122C27870D2600C2037F /* Debug */ = {
			isa = XCBuildConfiguration;
			buildSettings = {
				ALWAYS_SEARCH_USER_PATHS = NO;
				CLANG_ANALYZER_LOCALIZABILITY_NONLOCALIZED = YES;
				CLANG_ANALYZER_NONNULL = YES;
				CLANG_ANALYZER_NUMBER_OBJECT_CONVERSION = YES_AGGRESSIVE;
				CLANG_CXX_LANGUAGE_STANDARD = "gnu++17";
				CLANG_CXX_LIBRARY = "libc++";
				CLANG_ENABLE_MODULES = YES;
				CLANG_ENABLE_OBJC_ARC = YES;
				CLANG_ENABLE_OBJC_WEAK = YES;
				CLANG_WARN_BLOCK_CAPTURE_AUTORELEASING = YES;
				CLANG_WARN_BOOL_CONVERSION = YES;
				CLANG_WARN_COMMA = YES;
				CLANG_WARN_CONSTANT_CONVERSION = YES;
				CLANG_WARN_DEPRECATED_OBJC_IMPLEMENTATIONS = YES;
				CLANG_WARN_DIRECT_OBJC_ISA_USAGE = YES_ERROR;
				CLANG_WARN_DOCUMENTATION_COMMENTS = YES;
				CLANG_WARN_EMPTY_BODY = YES;
				CLANG_WARN_ENUM_CONVERSION = YES;
				CLANG_WARN_INFINITE_RECURSION = YES;
				CLANG_WARN_INT_CONVERSION = YES;
				CLANG_WARN_NON_LITERAL_NULL_CONVERSION = YES;
				CLANG_WARN_OBJC_IMPLICIT_RETAIN_SELF = YES;
				CLANG_WARN_OBJC_LITERAL_CONVERSION = YES;
				CLANG_WARN_OBJC_ROOT_CLASS = YES_ERROR;
				CLANG_WARN_QUOTED_INCLUDE_IN_FRAMEWORK_HEADER = YES;
				CLANG_WARN_RANGE_LOOP_ANALYSIS = YES;
				CLANG_WARN_STRICT_PROTOTYPES = YES;
				CLANG_WARN_SUSPICIOUS_MOVE = YES;
				CLANG_WARN_UNGUARDED_AVAILABILITY = YES_AGGRESSIVE;
				CLANG_WARN_UNREACHABLE_CODE = YES;
				CLANG_WARN__DUPLICATE_METHOD_MATCH = YES;
				COPY_PHASE_STRIP = NO;
				DEBUG_INFORMATION_FORMAT = dwarf;
				ENABLE_STRICT_OBJC_MSGSEND = YES;
				ENABLE_TESTABILITY = YES;
				GCC_C_LANGUAGE_STANDARD = gnu11;
				GCC_DYNAMIC_NO_PIC = NO;
				GCC_NO_COMMON_BLOCKS = YES;
				GCC_OPTIMIZATION_LEVEL = 0;
				GCC_PREPROCESSOR_DEFINITIONS = (
					"DEBUG=1",
					"$(inherited)",
				);
				GCC_WARN_64_TO_32_BIT_CONVERSION = YES;
				GCC_WARN_ABOUT_RETURN_TYPE = YES_ERROR;
				GCC_WARN_UNDECLARED_SELECTOR = YES;
				GCC_WARN_UNINITIALIZED_AUTOS = YES_AGGRESSIVE;
				GCC_WARN_UNUSED_FUNCTION = YES;
				GCC_WARN_UNUSED_VARIABLE = YES;
				IPHONEOS_DEPLOYMENT_TARGET = 15.0;
				MTL_ENABLE_DEBUG_INFO = INCLUDE_SOURCE;
				MTL_FAST_MATH = YES;
				ONLY_ACTIVE_ARCH = YES;
				SDKROOT = iphoneos;
				SWIFT_ACTIVE_COMPILATION_CONDITIONS = DEBUG;
				SWIFT_OPTIMIZATION_LEVEL = "-Onone";
			};
			name = Debug;
		};
		08D5122D27870D2600C2037F /* Release */ = {
			isa = XCBuildConfiguration;
			buildSettings = {
				ALWAYS_SEARCH_USER_PATHS = NO;
				CLANG_ANALYZER_LOCALIZABILITY_NONLOCALIZED = YES;
				CLANG_ANALYZER_NONNULL = YES;
				CLANG_ANALYZER_NUMBER_OBJECT_CONVERSION = YES_AGGRESSIVE;
				CLANG_CXX_LANGUAGE_STANDARD = "gnu++17";
				CLANG_CXX_LIBRARY = "libc++";
				CLANG_ENABLE_MODULES = YES;
				CLANG_ENABLE_OBJC_ARC = YES;
				CLANG_ENABLE_OBJC_WEAK = YES;
				CLANG_WARN_BLOCK_CAPTURE_AUTORELEASING = YES;
				CLANG_WARN_BOOL_CONVERSION = YES;
				CLANG_WARN_COMMA = YES;
				CLANG_WARN_CONSTANT_CONVERSION = YES;
				CLANG_WARN_DEPRECATED_OBJC_IMPLEMENTATIONS = YES;
				CLANG_WARN_DIRECT_OBJC_ISA_USAGE = YES_ERROR;
				CLANG_WARN_DOCUMENTATION_COMMENTS = YES;
				CLANG_WARN_EMPTY_BODY = YES;
				CLANG_WARN_ENUM_CONVERSION = YES;
				CLANG_WARN_INFINITE_RECURSION = YES;
				CLANG_WARN_INT_CONVERSION = YES;
				CLANG_WARN_NON_LITERAL_NULL_CONVERSION = YES;
				CLANG_WARN_OBJC_IMPLICIT_RETAIN_SELF = YES;
				CLANG_WARN_OBJC_LITERAL_CONVERSION = YES;
				CLANG_WARN_OBJC_ROOT_CLASS = YES_ERROR;
				CLANG_WARN_QUOTED_INCLUDE_IN_FRAMEWORK_HEADER = YES;
				CLANG_WARN_RANGE_LOOP_ANALYSIS = YES;
				CLANG_WARN_STRICT_PROTOTYPES = YES;
				CLANG_WARN_SUSPICIOUS_MOVE = YES;
				CLANG_WARN_UNGUARDED_AVAILABILITY = YES_AGGRESSIVE;
				CLANG_WARN_UNREACHABLE_CODE = YES;
				CLANG_WARN__DUPLICATE_METHOD_MATCH = YES;
				COPY_PHASE_STRIP = NO;
				DEBUG_INFORMATION_FORMAT = "dwarf-with-dsym";
				ENABLE_NS_ASSERTIONS = NO;
				ENABLE_STRICT_OBJC_MSGSEND = YES;
				GCC_C_LANGUAGE_STANDARD = gnu11;
				GCC_NO_COMMON_BLOCKS = YES;
				GCC_WARN_64_TO_32_BIT_CONVERSION = YES;
				GCC_WARN_ABOUT_RETURN_TYPE = YES_ERROR;
				GCC_WARN_UNDECLARED_SELECTOR = YES;
				GCC_WARN_UNINITIALIZED_AUTOS = YES_AGGRESSIVE;
				GCC_WARN_UNUSED_FUNCTION = YES;
				GCC_WARN_UNUSED_VARIABLE = YES;
				IPHONEOS_DEPLOYMENT_TARGET = 15.0;
				MTL_ENABLE_DEBUG_INFO = NO;
				MTL_FAST_MATH = YES;
				SDKROOT = iphoneos;
				SWIFT_COMPILATION_MODE = wholemodule;
				SWIFT_OPTIMIZATION_LEVEL = "-O";
				VALIDATE_PRODUCT = YES;
			};
			name = Release;
		};
		08D5122F27870D2600C2037F /* Debug */ = {
			isa = XCBuildConfiguration;
			buildSettings = {
				ASSETCATALOG_COMPILER_APPICON_NAME = AppIcon;
				ASSETCATALOG_COMPILER_GLOBAL_ACCENT_COLOR_NAME = AccentColor;
				CODE_SIGN_STYLE = Automatic;
				CURRENT_PROJECT_VERSION = 5;
				DEVELOPMENT_TEAM = JQ483HLUHB;
				GENERATE_INFOPLIST_FILE = YES;
				INFOPLIST_FILE = Remem/Resources/Info.plist;
				INFOPLIST_KEY_UIApplicationSupportsIndirectInputEvents = YES;
				INFOPLIST_KEY_UILaunchStoryboardName = LaunchScreen;
				INFOPLIST_KEY_UIStatusBarHidden = YES;
				INFOPLIST_KEY_UISupportedInterfaceOrientations = UIInterfaceOrientationPortrait;
				INFOPLIST_KEY_UISupportedInterfaceOrientations_iPad = "UIInterfaceOrientationPortrait UIInterfaceOrientationPortraitUpsideDown UIInterfaceOrientationLandscapeLeft UIInterfaceOrientationLandscapeRight";
				INFOPLIST_KEY_UISupportedInterfaceOrientations_iPhone = "UIInterfaceOrientationPortrait UIInterfaceOrientationLandscapeLeft UIInterfaceOrientationLandscapeRight";
				LD_RUNPATH_SEARCH_PATHS = (
					"$(inherited)",
					"@executable_path/Frameworks",
				);
				MARKETING_VERSION = 1.0;
				PRODUCT_BUNDLE_IDENTIFIER = io.remem;
				PRODUCT_NAME = "$(TARGET_NAME)";
				SWIFT_EMIT_LOC_STRINGS = YES;
				SWIFT_VERSION = 5.0;
				TARGETED_DEVICE_FAMILY = 1;
			};
			name = Debug;
		};
		08D5123027870D2600C2037F /* Release */ = {
			isa = XCBuildConfiguration;
			buildSettings = {
				ASSETCATALOG_COMPILER_APPICON_NAME = AppIcon;
				ASSETCATALOG_COMPILER_GLOBAL_ACCENT_COLOR_NAME = AccentColor;
				CODE_SIGN_STYLE = Automatic;
				CURRENT_PROJECT_VERSION = 5;
				DEVELOPMENT_TEAM = JQ483HLUHB;
				GENERATE_INFOPLIST_FILE = YES;
				INFOPLIST_FILE = Remem/Resources/Info.plist;
				INFOPLIST_KEY_UIApplicationSupportsIndirectInputEvents = YES;
				INFOPLIST_KEY_UILaunchStoryboardName = LaunchScreen;
				INFOPLIST_KEY_UIStatusBarHidden = YES;
				INFOPLIST_KEY_UISupportedInterfaceOrientations = UIInterfaceOrientationPortrait;
				INFOPLIST_KEY_UISupportedInterfaceOrientations_iPad = "UIInterfaceOrientationPortrait UIInterfaceOrientationPortraitUpsideDown UIInterfaceOrientationLandscapeLeft UIInterfaceOrientationLandscapeRight";
				INFOPLIST_KEY_UISupportedInterfaceOrientations_iPhone = "UIInterfaceOrientationPortrait UIInterfaceOrientationLandscapeLeft UIInterfaceOrientationLandscapeRight";
				LD_RUNPATH_SEARCH_PATHS = (
					"$(inherited)",
					"@executable_path/Frameworks",
				);
				MARKETING_VERSION = 1.0;
				PRODUCT_BUNDLE_IDENTIFIER = io.remem;
				PRODUCT_NAME = "$(TARGET_NAME)";
				SWIFT_EMIT_LOC_STRINGS = YES;
				SWIFT_VERSION = 5.0;
				TARGETED_DEVICE_FAMILY = 1;
			};
			name = Release;
		};
/* End XCBuildConfiguration section */

/* Begin XCConfigurationList section */
		0870EF012809B81100336759 /* Build configuration list for PBXNativeTarget "RememTests" */ = {
			isa = XCConfigurationList;
			buildConfigurations = (
				0870EEFE2809B81100336759 /* Debug */,
				0870EEFF2809B81100336759 /* Onboarding */,
				0870EF002809B81100336759 /* Release */,
			);
			defaultConfigurationIsVisible = 0;
			defaultConfigurationName = Release;
		};
		08D5121527870D2500C2037F /* Build configuration list for PBXProject "Remem" */ = {
			isa = XCConfigurationList;
			buildConfigurations = (
				08D5122C27870D2600C2037F /* Debug */,
				0831EB9027DA974F00A910D5 /* Onboarding */,
				08D5122D27870D2600C2037F /* Release */,
			);
			defaultConfigurationIsVisible = 0;
			defaultConfigurationName = Release;
		};
		08D5122E27870D2600C2037F /* Build configuration list for PBXNativeTarget "Remem" */ = {
			isa = XCConfigurationList;
			buildConfigurations = (
				08D5122F27870D2600C2037F /* Debug */,
				0831EB9127DA974F00A910D5 /* Onboarding */,
				08D5123027870D2600C2037F /* Release */,
			);
			defaultConfigurationIsVisible = 0;
			defaultConfigurationName = Release;
		};
/* End XCConfigurationList section */

/* Begin XCVersionGroup section */
		083D3893279AE81100134A15 /* EntriesList.xcdatamodeld */ = {
			isa = XCVersionGroup;
			children = (
				083D3894279AE81100134A15 /* Entry.xcdatamodel */,
			);
			currentVersion = 083D3894279AE81100134A15 /* Entry.xcdatamodel */;
			path = EntriesList.xcdatamodeld;
			sourceTree = "<group>";
			versionGroupType = wrapper.xcdatamodel;
		};
/* End XCVersionGroup section */
	};
	rootObject = 08D5121227870D2500C2037F /* Project object */;
}
